
Microsoft Visual Studio Solution File, Format Version 12.00
# Visual Studio Version 16
VisualStudioVersion = 16.0.30309.148
MinimumVisualStudioVersion = 10.0.40219.1
Project("{FAE04EC0-301F-11D3-BF4B-00C04F79EFBC}") = "Hungry.Api", "Hungry.Api\Hungry.Api.csproj", "{77CBF6C6-CBCC-4FCC-9648-5B7B4B4E9AA0}"
EndProject
Project("{FAE04EC0-301F-11D3-BF4B-00C04F79EFBC}") = "Hungry.Core", "Hungry.Core\Hungry.Core.csproj", "{03C3E2DC-EC82-4479-9305-E938059EB65E}"
EndProject
Project("{FAE04EC0-301F-11D3-BF4B-00C04F79EFBC}") = "Hungry.Test", "Hungry.Test\Hungry.Test.csproj", "{ACDDED90-97BA-4A68-8753-D16C9FEF2C0B}"
EndProject
Global
	GlobalSection(SolutionConfigurationPlatforms) = preSolution
		Debug|Any CPU = Debug|Any CPU
		Release|Any CPU = Release|Any CPU
	EndGlobalSection
	GlobalSection(ProjectConfigurationPlatforms) = postSolution
		{77CBF6C6-CBCC-4FCC-9648-5B7B4B4E9AA0}.Debug|Any CPU.ActiveCfg = Debug|Any CPU
		{77CBF6C6-CBCC-4FCC-9648-5B7B4B4E9AA0}.Debug|Any CPU.Build.0 = Debug|Any CPU
		{77CBF6C6-CBCC-4FCC-9648-5B7B4B4E9AA0}.Release|Any CPU.ActiveCfg = Release|Any CPU
		{77CBF6C6-CBCC-4FCC-9648-5B7B4B4E9AA0}.Release|Any CPU.Build.0 = Release|Any CPU
		{03C3E2DC-EC82-4479-9305-E938059EB65E}.Debug|Any CPU.ActiveCfg = Debug|Any CPU
		{03C3E2DC-EC82-4479-9305-E938059EB65E}.Debug|Any CPU.Build.0 = Debug|Any CPU
		{03C3E2DC-EC82-4479-9305-E938059EB65E}.Release|Any CPU.ActiveCfg = Release|Any CPU
		{03C3E2DC-EC82-4479-9305-E938059EB65E}.Release|Any CPU.Build.0 = Release|Any CPU
		{ACDDED90-97BA-4A68-8753-D16C9FEF2C0B}.Debug|Any CPU.ActiveCfg = Debug|Any CPU
		{ACDDED90-97BA-4A68-8753-D16C9FEF2C0B}.Debug|Any CPU.Build.0 = Debug|Any CPU
		{ACDDED90-97BA-4A68-8753-D16C9FEF2C0B}.Release|Any CPU.ActiveCfg = Release|Any CPU
		{ACDDED90-97BA-4A68-8753-D16C9FEF2C0B}.Release|Any CPU.Build.0 = Release|Any CPU
	EndGlobalSection
	GlobalSection(SolutionProperties) = preSolution
		HideSolutionNode = FALSE
	EndGlobalSection
	GlobalSection(ExtensibilityGlobals) = postSolution
		SolutionGuid = {0B403322-902D-453F-99F4-F9B6B65EB03D}
	EndGlobalSection
EndGlobal
